uuid: 5987fb22-88e8-42fb-8ea6-5bc7d9b5a9a9
langcode: en
status: true
dependencies:
  module:
    - opigno_learning_path
    - system
  theme:
    - skills_training
_core:
  default_config_hash: xd8bSjjJlL4GuSHcTkMGwo5vQhOeHk7aewCmFVd9DGo
id: skills_training_lp_steps_block
theme: skills_training
region: sidebar_first
weight: 0
provider: null
plugin: lp_steps_block
settings:
  id: lp_steps_block
  label: 'LP Steps'
  label_display: '0'
  provider: opigno_learning_path
visibility:
  request_path:
    id: request_path
    negate: false
    context_mapping: {  }
    pages: "/module/*/result/*\r\n/group/*/module/*"
