uuid: 2d699ab3-b973-468b-b6c8-808a8b0e6e20
langcode: en
status: false
dependencies:
  module:
    - opigno_dashboard
    - system
  theme:
    - aristotle
id: dashboard_opigno_user_stats_block
theme: aristotle
region: help
weight: 0
provider: null
plugin: opigno_user_stats_block
settings:
  id: opigno_user_stats_block
  label: 'Dashboard: User statistics'
  label_display: ''
  provider: opigno_dashboard
visibility:
  request_path:
    id: request_path
    negate: false
    context_mapping: {  }
    pages: '<front>'
