uuid: 74435597-27b0-466a-9618-b55dda7b7ec3
langcode: en
status: true
dependencies:
  config:
    - views.view.who_s_online
  module:
    - system
    - views
  theme:
    - skills_training
_core:
  default_config_hash: bHhK_baHHiGI6eiv46ULQHvcdOT-reV0M3EzAFw8wPg
id: skills_training_dashboard_views_block_who_s_online_who_s_online_block
theme: skills_training
region: content
weight: -5
provider: null
plugin: 'views_block:who_s_online-who_s_online_block'
settings:
  id: 'views_block:who_s_online-who_s_online_block'
  label: 'Dashboard: Who''s online'
  label_display: '0'
  provider: views
  views_label: ''
  items_per_page: none
visibility:
  request_path:
    id: request_path
    negate: false
    context_mapping: {  }
    pages: '<front>'
