uuid: 7389ebb0-fc1b-4a3f-98b4-3eb17d2e65e7
langcode: en
status: true
dependencies:
  module:
    - opigno_learning_path
    - system
  theme:
    - aristotle
_core:
  default_config_hash: w4CGZkmekgbWkoYurt90eX66XGWYQtLaF3oqBsKP6pU
id: backlinkblock
theme: aristotle
region: top
weight: 0
provider: null
plugin: opigno_learning_path_back_link_block
settings:
  id: opigno_learning_path_back_link_block
  label: BackLinkBlock
  label_display: '0'
  provider: opigno_learning_path
  js_button: "user.login\r\nuser.register\r\nuser.pass\r\nopigno_module.group.answer_form\r\nentity.group.canonical\r\nforum.page\r\nentity.node.canonical\r\nview.opigno_training_catalog.training_catalogue\r\ntft.group\r\ntft.directory\r\nforum.index\r\nforum.page\r\nprivate_message.private_message_page\r\nentity.private_message_thread.canonical\r\nentity.private_message_thread.delete_form\r\nentity.private_message_thread.canonical\r\nentity.private_message_thread.delete_form\r\nprivate_message.private_message_page\r\nopigno_module.module_result"
visibility:
  request_path:
    id: request_path
    negate: true
    context_mapping: {  }
    pages: "<front>\r\n/user/password\r\n/user/register\r\n/user/login"
