uuid: 9494b6e6-1fd9-4f5e-8999-e33358109251
langcode: en
status: true
dependencies:
  module:
    - opigno_dashboard
    - system
    - user
  theme:
    - aristotle
_core:
  default_config_hash: oVfJ_TdqsWGb4SnWiE3yGwUwM65yrRqPzOoCA3WLAw0
id: opignouserstatisticsblock
theme: aristotle
region: content
weight: 0
provider: null
plugin: opigno_user_stats_block
settings:
  id: opigno_user_stats_block
  label: 'Opigno User statistics block'
  label_display: '0'
  provider: opigno_dashboard
visibility:
  request_path:
    id: request_path
    pages: '<front>'
    negate: false
    context_mapping: {  }
  user_role:
    id: user_role
    roles:
      authenticated: authenticated
    negate: false
    context_mapping:
      user: '@user.current_user_context:current_user'
